{
  "name": "Parsect",
  "lockfileVersion": 3,
  "requires": true,
  "packages": {
    "": {
      "dependencies": {
        "@zyrab/domo": "^1.0.3"
      }
    },
    "node_modules/@zyrab/domo": {
      "version": "1.0.3",
      "resolved": "https://registry.npmjs.org/@zyrab/domo/-/domo-1.0.3.tgz",
      "integrity": "sha512-jbiRJAjeV76pytdAMxqdGMSAU7nS3RP92jlIUivgnIL+pGSjPGFhB2qBNT2JnuTmoBmParLnng6/YWxMxmWBZQ==",
      "license": "MIT"
    }
  }
}
