{
  "name": "Parsect",
  "lockfileVersion": 3,
  "requires": true,
  "packages": {
    "": {
      "dependencies": {
        "@zyrab/domo": "^1.0.1"
      }
    },
    "node_modules/@zyrab/domo": {
      "version": "1.0.1",
      "resolved": "https://registry.npmjs.org/@zyrab/domo/-/domo-1.0.1.tgz",
      "integrity": "sha512-WzjjvAFUFB6QjpMO/UA2FDC1r/TWI4JFN6rfgHef4vFyTiVsP5Acty8eKUaSYQx3xizsV3SK5SGEq5iZfVWaJA==",
      "license": "MIT"
    }
  }
}
